
Microsoft Visual Studio Solution File, Format Version 12.00
# Visual Studio Version 16
VisualStudioVersion = 16.0.31702.278
MinimumVisualStudioVersion = 10.0.40219.1
Project("{FAE04EC0-301F-11D3-BF4B-00C04F79EFBC}") = "PorraGirona", "PorraGirona\PorraGirona.csproj", "{A7713684-4209-4954-8D8A-B7BC9FFED58E}"
EndProject
Global
	GlobalSection(SolutionConfigurationPlatforms) = preSolution
		Debug|Any CPU = Debug|Any CPU
		Release|Any CPU = Release|Any CPU
	EndGlobalSection
	GlobalSection(ProjectConfigurationPlatforms) = postSolution
		{A7713684-4209-4954-8D8A-B7BC9FFED58E}.Debug|Any CPU.ActiveCfg = Debug|Any CPU
		{A7713684-4209-4954-8D8A-B7BC9FFED58E}.Debug|Any CPU.Build.0 = Debug|Any CPU
		{A7713684-4209-4954-8D8A-B7BC9FFED58E}.Release|Any CPU.ActiveCfg = Release|Any CPU
		{A7713684-4209-4954-8D8A-B7BC9FFED58E}.Release|Any CPU.Build.0 = Release|Any CPU
	EndGlobalSection
	GlobalSection(SolutionProperties) = preSolution
		HideSolutionNode = FALSE
	EndGlobalSection
	GlobalSection(ExtensibilityGlobals) = postSolution
		SolutionGuid = {1B81D5AF-50B0-4343-B793-A0A8C0202813}
	EndGlobalSection
EndGlobal
